PODS:
  - Alamofire (3.2.1)
  - BubbleTransition (1.0.1)
  - Eureka (1.4.1)
  - GeoJSON (0.2.0)
  - HanekeSwift (0.10.1)
  - Mapbox-iOS-SDK (3.1.2)
  - ObjectMapper (1.1.5)
  - Siesta (1.0-beta.6):
    - Siesta/Core (= 1.0-beta.6)
  - Siesta/Core (1.0-beta.6)
  - SwiftyJSON (2.3.2)

DEPENDENCIES:
  - Alamofire
  - BubbleTransition (~> 1.0.0)
  - Eureka
  - GeoJSON
  - HanekeSwift
  - Mapbox-iOS-SDK
  - ObjectMapper
  - Siesta (>= 1.0-beta.6)
  - SwiftyJSON

SPEC CHECKSUMS:
  Alamofire: f11d8624a05f5d39e0c99309b3e600a3ba64298a
  BubbleTransition: 76d5e306dbda0f622260ea7d082c971d976422ab
  Eureka: 2f1921d3162491921d2fef3b516bc4ef93a05122
  GeoJSON: 921bab1a5af2236d7523109be55b54893846b626
  HanekeSwift: 08e47d3d0f2899ec58e5d257beba0de619aca9e8
  Mapbox-iOS-SDK: 0a910c2cce1aa8cff5b9ec2a990e7a32332a776a
  ObjectMapper: 528b1a6677a6acac7747edd508576983e76a9148
  Siesta: 353fba713b4ce9112c26f6b5038ccebeb897f60b
  SwiftyJSON: 04ccea08915aa0109039157c7974cf0298da292a

COCOAPODS: 0.39.0
